
Microsoft Visual Studio Solution File, Format Version 12.00
# Visual Studio Version 17
VisualStudioVersion = 17.8.34330.188
MinimumVisualStudioVersion = 10.0.40219.1
Project("{9A19103F-16F7-4668-BE54-9A1E7A4F7556}") = "AplicacionWeb1", "AplicacionWeb1\AplicacionWeb1.csproj", "{5D65754C-FCE8-476C-8CBE-231E09B4AEBD}"
EndProject
Global
	GlobalSection(SolutionConfigurationPlatforms) = preSolution
		Debug|Any CPU = Debug|Any CPU
		Release|Any CPU = Release|Any CPU
	EndGlobalSection
	GlobalSection(ProjectConfigurationPlatforms) = postSolution
		{5D65754C-FCE8-476C-8CBE-231E09B4AEBD}.Debug|Any CPU.ActiveCfg = Debug|Any CPU
		{5D65754C-FCE8-476C-8CBE-231E09B4AEBD}.Debug|Any CPU.Build.0 = Debug|Any CPU
		{5D65754C-FCE8-476C-8CBE-231E09B4AEBD}.Release|Any CPU.ActiveCfg = Release|Any CPU
		{5D65754C-FCE8-476C-8CBE-231E09B4AEBD}.Release|Any CPU.Build.0 = Release|Any CPU
		{C2B7B1B7-8F6B-4053-A9BA-A750A1355C20}.Debug|Any CPU.ActiveCfg = Debug|Any CPU
		{C2B7B1B7-8F6B-4053-A9BA-A750A1355C20}.Debug|Any CPU.Build.0 = Debug|Any CPU
		{C2B7B1B7-8F6B-4053-A9BA-A750A1355C20}.Release|Any CPU.ActiveCfg = Release|Any CPU
		{C2B7B1B7-8F6B-4053-A9BA-A750A1355C20}.Release|Any CPU.Build.0 = Release|Any CPU
	EndGlobalSection
	GlobalSection(SolutionProperties) = preSolution
		HideSolutionNode = FALSE
	EndGlobalSection
	GlobalSection(ExtensibilityGlobals) = postSolution
		SolutionGuid = {BA5CF702-81E7-444C-9481-FB46A6331374}
	EndGlobalSection
EndGlobal
